[root]
name = "lcov-parser"
version = "3.0.0-beta"
dependencies = [
 "combine 2.0.0 (registry+https://github.com/rust-lang/crates.io-index)",
]

[[package]]
name = "ascii"
version = "0.7.1"
source = "registry+https://github.com/rust-lang/crates.io-index"

[[package]]
name = "combine"
version = "2.0.0"
source = "registry+https://github.com/rust-lang/crates.io-index"
dependencies = [
 "ascii 0.7.1 (registry+https://github.com/rust-lang/crates.io-index)",
]

[metadata]
"checksum ascii 0.7.1 (registry+https://github.com/rust-lang/crates.io-index)" = "3ae7d751998c189c1d4468cf0a39bb2eae052a9c58d50ebb3b9591ee3813ad50"
"checksum combine 2.0.0 (registry+https://github.com/rust-lang/crates.io-index)" = "3ee3450f370d30aa4ebc6f83ef2089742634078f6accdd827449b8cc52b592aa"
