[root]
name = "lcov-parser"
version = "0.8.0"
dependencies = [
 "combine 1.2.1 (registry+https://github.com/rust-lang/crates.io-index)",
 "lines 0.0.4 (registry+https://github.com/rust-lang/crates.io-index)",
]

[[package]]
name = "combine"
version = "1.2.1"
source = "registry+https://github.com/rust-lang/crates.io-index"

[[package]]
name = "libc"
version = "0.1.12"
source = "registry+https://github.com/rust-lang/crates.io-index"

[[package]]
name = "lines"
version = "0.0.4"
source = "registry+https://github.com/rust-lang/crates.io-index"
dependencies = [
 "memchr 0.1.6 (registry+https://github.com/rust-lang/crates.io-index)",
]

[[package]]
name = "memchr"
version = "0.1.6"
source = "registry+https://github.com/rust-lang/crates.io-index"
dependencies = [
 "libc 0.1.12 (registry+https://github.com/rust-lang/crates.io-index)",
]

